// !$*UTF8*$!
{
	archiveVersion = 1;
	classes = {
	};
	objectVersion = 46;
	objects = {

/* Begin PBXBuildFile section */
		AEBF216E1A1C73E200961E99 /* main.m in Sources */ = {isa = PBXBuildFile; fileRef = AEBF216D1A1C73E200961E99 /* main.m */; };
		AEBF21711A1C73E200961E99 /* AppDelegate.m in Sources */ = {isa = PBXBuildFile; fileRef = AEBF21701A1C73E200961E99 /* AppDelegate.m */; };
		AEBF21741A1C73E200961E99 /* ViewController.m in Sources */ = {isa = PBXBuildFile; fileRef = AEBF21731A1C73E200961E99 /* ViewController.m */; };
		AEBF21771A1C73E200961E99 /* Main.storyboard in Resources */ = {isa = PBXBuildFile; fileRef = AEBF21751A1C73E200961E99 /* Main.storyboard */; };
		AEBF21791A1C73E200961E99 /* Images.xcassets in Resources */ = {isa = PBXBuildFile; fileRef = AEBF21781A1C73E200961E99 /* Images.xcassets */; };
		AEBF21851A1C73E200961E99 /* TryGithubTests.m in Sources */ = {isa = PBXBuildFile; fileRef = AEBF21841A1C73E200961E99 /* TryGithubTests.m */; };
/* End PBXBuildFile section */

/* Begin PBXContainerItemProxy section */
		AEBF217F1A1C73E200961E99 /* PBXContainerItemProxy */ = {
			isa = PBXContainerItemProxy;
			containerPortal = AEBF21601A1C73E200961E99 /* Project object */;
			proxyType = 1;
			remoteGlobalIDString = AEBF21671A1C73E200961E99;
			remoteInfo = TryGithub;
		};
/* End PBXContainerItemProxy section */

/* Begin PBXFileReference section */
		AEBF21681A1C73E200961E99 /* TryGithub.app */ = {isa = PBXFileReference; explicitFileType = wrapper.application; includeInIndex = 0; path = TryGithub.app; sourceTree = BUILT_PRODUCTS_DIR; };
		AEBF216C1A1C73E200961E99 /* Info.plist */ = {isa = PBXFileReference; lastKnownFileType = text.plist.xml; path = Info.plist; sourceTree = "<group>"; };
		AEBF216D1A1C73E200961E99 /* main.m */ = {isa = PBXFileReference; lastKnownFileType = sourcecode.c.objc; path = main.m; sourceTree = "<group>"; };
		AEBF216F1A1C73E200961E99 /* AppDelegate.h */ = {isa = PBXFileReference; lastKnownFileType = sourcecode.c.h; path = AppDelegate.h; sourceTree = "<group>"; };
		AEBF21701A1C73E200961E99 /* AppDelegate.m */ = {isa = PBXFileReference; lastKnownFileType = sourcecode.c.objc; path = AppDelegate.m; sourceTree = "<group>"; };
		AEBF21721A1C73E200961E99 /* ViewController.h */ = {isa = PBXFileReference; lastKnownFileType = sourcecode.c.h; path = ViewController.h; sourceTree = "<group>"; };
		AEBF21731A1C73E200961E99 /* ViewController.m */ = {isa = PBXFileReference; lastKnownFileType = sourcecode.c.objc; path = ViewController.m; sourceTree = "<group>"; };
		AEBF21761A1C73E200961E99 /* Base */ = {isa = PBXFileReference; lastKnownFileType = file.storyboard; name = Base; path = Base.lproj/Main.storyboard; sourceTree = "<group>"; };
		AEBF21781A1C73E200961E99 /* Images.xcassets */ = {isa = PBXFileReference; lastKnownFileType = folder.assetcatalog; path = Images.xcassets; sourceTree = "<group>"; };
		AEBF217E1A1C73E200961E99 /* TryGithubTests.xctest */ = {isa = PBXFileReference; explicitFileType = wrapper.cfbundle; includeInIndex = 0; path = TryGithubTests.xctest; sourceTree = BUILT_PRODUCTS_DIR; };
		AEBF21831A1C73E200961E99 /* Info.plist */ = {isa = PBXFileReference; lastKnownFileType = text.plist.xml; path = Info.plist; sourceTree = "<group>"; };
		AEBF21841A1C73E200961E99 /* TryGithubTests.m */ = {isa = PBXFileReference; lastKnownFileType = sourcecode.c.objc; path = TryGithubTests.m; sourceTree = "<group>"; };
/* End PBXFileReference section */

/* Begin PBXFrameworksBuildPhase section */
		AEBF21651A1C73E200961E99 /* Frameworks */ = {
			isa = PBXFrameworksBuildPhase;
			buildActionMask = 2147483647;
			files = (
			);
			runOnlyForDeploymentPostprocessing = 0;
		};
		AEBF217B1A1C73E200961E99 /* Frameworks */ = {
			isa = PBXFrameworksBuildPhase;
			buildActionMask = 2147483647;
			files = (
			);
			runOnlyForDeploymentPostprocessing = 0;
		};
/* End PBXFrameworksBuildPhase section */

/* Begin PBXGroup section */
		AEBF215F1A1C73E200961E99 = {
			isa = PBXGroup;
			children = (
				AEBF216A1A1C73E200961E99 /* TryGithub */,
				AEBF21811A1C73E200961E99 /* TryGithubTests */,
				AEBF21691A1C73E200961E99 /* Products */,
			);
			sourceTree = "<group>";
		};
		AEBF21691A1C73E200961E99 /* Products */ = {
			isa = PBXGroup;
			children = (
				AEBF21681A1C73E200961E99 /* TryGithub.app */,
				AEBF217E1A1C73E200961E99 /* TryGithubTests.xctest */,
			);
			name = Products;
			sourceTree = "<group>";
		};
		AEBF216A1A1C73E200961E99 /* TryGithub */ = {
			isa = PBXGroup;
			children = (
				AEBF216F1A1C73E200961E99 /* AppDelegate.h */,
				AEBF21701A1C73E200961E99 /* AppDelegate.m */,
				AEBF21721A1C73E200961E99 /* ViewController.h */,
				AEBF21731A1C73E200961E99 /* ViewController.m */,
				AEBF21751A1C73E200961E99 /* Main.storyboard */,
				AEBF21781A1C73E200961E99 /* Images.xcassets */,
				AEBF216B1A1C73E200961E99 /* Supporting Files */,
			);
			path = TryGithub;
			sourceTree = "<group>";
		};
		AEBF216B1A1C73E200961E99 /* Supporting Files */ = {
			isa = PBXGroup;
			children = (
				AEBF216C1A1C73E200961E99 /* Info.plist */,
				AEBF216D1A1C73E200961E99 /* main.m */,
			);
			name = "Supporting Files";
			sourceTree = "<group>";
		};
		AEBF21811A1C73E200961E99 /* TryGithubTests */ = {
			isa = PBXGroup;
			children = (
				AEBF21841A1C73E200961E99 /* TryGithubTests.m */,
				AEBF21821A1C73E200961E99 /* Supporting Files */,
			);
			path = TryGithubTests;
			sourceTree = "<group>";
		};
		AEBF21821A1C73E200961E99 /* Supporting Files */ = {
			isa = PBXGroup;
			children = (
				AEBF21831A1C73E200961E99 /* Info.plist */,
			);
			name = "Supporting Files";
			sourceTree = "<group>";
		};
/* End PBXGroup section */

/* Begin PBXNativeTarget section */
		AEBF21671A1C73E200961E99 /* TryGithub */ = {
			isa = PBXNativeTarget;
			buildConfigurationList = AEBF21881A1C73E200961E99 /* Build configuration list for PBXNativeTarget "TryGithub" */;
			buildPhases = (
				AEBF21641A1C73E200961E99 /* Sources */,
				AEBF21651A1C73E200961E99 /* Frameworks */,
				AEBF21661A1C73E200961E99 /* Resources */,
			);
			buildRules = (
			);
			dependencies = (
			);
			name = TryGithub;
			productName = TryGithub;
			productReference = AEBF21681A1C73E200961E99 /* TryGithub.app */;
			productType = "com.apple.product-type.application";
		};
		AEBF217D1A1C73E200961E99 /* TryGithubTests */ = {
			isa = PBXNativeTarget;
			buildConfigurationList = AEBF218B1A1C73E200961E99 /* Build configuration list for PBXNativeTarget "TryGithubTests" */;
			buildPhases = (
				AEBF217A1A1C73E200961E99 /* Sources */,
				AEBF217B1A1C73E200961E99 /* Frameworks */,
				AEBF217C1A1C73E200961E99 /* Resources */,
			);
			buildRules = (
			);
			dependencies = (
				AEBF21801A1C73E200961E99 /* PBXTargetDependency */,
			);
			name = TryGithubTests;
			productName = TryGithubTests;
			productReference = AEBF217E1A1C73E200961E99 /* TryGithubTests.xctest */;
			productType = "com.apple.product-type.bundle.unit-test";
		};
/* End PBXNativeTarget section */

/* Begin PBXProject section */
		AEBF21601A1C73E200961E99 /* Project object */ = {
			isa = PBXProject;
			attributes = {
				LastUpgradeCheck = 0600;
				ORGANIZATIONNAME = "Mobantica Solutions";
				TargetAttributes = {
					AEBF21671A1C73E200961E99 = {
						CreatedOnToolsVersion = 6.0;
					};
					AEBF217D1A1C73E200961E99 = {
						CreatedOnToolsVersion = 6.0;
						TestTargetID = AEBF21671A1C73E200961E99;
					};
				};
			};
			buildConfigurationList = AEBF21631A1C73E200961E99 /* Build configuration list for PBXProject "TryGithub" */;
			compatibilityVersion = "Xcode 3.2";
			developmentRegion = English;
			hasScannedForEncodings = 0;
			knownRegions = (
				en,
				Base,
			);
			mainGroup = AEBF215F1A1C73E200961E99;
			productRefGroup = AEBF21691A1C73E200961E99 /* Products */;
			projectDirPath = "";
			projectRoot = "";
			targets = (
				AEBF21671A1C73E200961E99 /* TryGithub */,
				AEBF217D1A1C73E200961E99 /* TryGithubTests */,
			);
		};
/* End PBXProject section */

/* Begin PBXResourcesBuildPhase section */
		AEBF21661A1C73E200961E99 /* Resources */ = {
			isa = PBXResourcesBuildPhase;
			buildActionMask = 2147483647;
			files = (
				AEBF21771A1C73E200961E99 /* Main.storyboard in Resources */,
				AEBF21791A1C73E200961E99 /* Images.xcassets in Resources */,
			);
			runOnlyForDeploymentPostprocessing = 0;
		};
		AEBF217C1A1C73E200961E99 /* Resources */ = {
			isa = PBXResourcesBuildPhase;
			buildActionMask = 2147483647;
			files = (
			);
			runOnlyForDeploymentPostprocessing = 0;
		};
/* End PBXResourcesBuildPhase section */

/* Begin PBXSourcesBuildPhase section */
		AEBF21641A1C73E200961E99 /* Sources */ = {
			isa = PBXSourcesBuildPhase;
			buildActionMask = 2147483647;
			files = (
				AEBF21741A1C73E200961E99 /* ViewController.m in Sources */,
				AEBF21711A1C73E200961E99 /* AppDelegate.m in Sources */,
				AEBF216E1A1C73E200961E99 /* main.m in Sources */,
			);
			runOnlyForDeploymentPostprocessing = 0;
		};
		AEBF217A1A1C73E200961E99 /* Sources */ = {
			isa = PBXSourcesBuildPhase;
			buildActionMask = 2147483647;
			files = (
				AEBF21851A1C73E200961E99 /* TryGithubTests.m in Sources */,
			);
			runOnlyForDeploymentPostprocessing = 0;
		};
/* End PBXSourcesBuildPhase section */

/* Begin PBXTargetDependency section */
		AEBF21801A1C73E200961E99 /* PBXTargetDependency */ = {
			isa = PBXTargetDependency;
			target = AEBF21671A1C73E200961E99 /* TryGithub */;
			targetProxy = AEBF217F1A1C73E200961E99 /* PBXContainerItemProxy */;
		};
/* End PBXTargetDependency section */

/* Begin PBXVariantGroup section */
		AEBF21751A1C73E200961E99 /* Main.storyboard */ = {
			isa = PBXVariantGroup;
			children = (
				AEBF21761A1C73E200961E99 /* Base */,
			);
			name = Main.storyboard;
			sourceTree = "<group>";
		};
/* End PBXVariantGroup section */

/* Begin XCBuildConfiguration section */
		AEBF21861A1C73E200961E99 /* Debug */ = {
			isa = XCBuildConfiguration;
			buildSettings = {
				ALWAYS_SEARCH_USER_PATHS = NO;
				CLANG_CXX_LANGUAGE_STANDARD = "gnu++0x";
				CLANG_CXX_LIBRARY = "libc++";
				CLANG_ENABLE_MODULES = YES;
				CLANG_ENABLE_OBJC_ARC = YES;
				CLANG_WARN_BOOL_CONVERSION = YES;
				CLANG_WARN_CONSTANT_CONVERSION = YES;
				CLANG_WARN_DIRECT_OBJC_ISA_USAGE = YES_ERROR;
				CLANG_WARN_EMPTY_BODY = YES;
				CLANG_WARN_ENUM_CONVERSION = YES;
				CLANG_WARN_INT_CONVERSION = YES;
				CLANG_WARN_OBJC_ROOT_CLASS = YES_ERROR;
				CLANG_WARN_UNREACHABLE_CODE = YES;
				CLANG_WARN__DUPLICATE_METHOD_MATCH = YES;
				"CODE_SIGN_IDENTITY[sdk=iphoneos*]" = "iPhone Developer";
				COPY_PHASE_STRIP = NO;
				ENABLE_STRICT_OBJC_MSGSEND = YES;
				GCC_C_LANGUAGE_STANDARD = gnu99;
				GCC_DYNAMIC_NO_PIC = NO;
				GCC_OPTIMIZATION_LEVEL = 0;
				GCC_PREPROCESSOR_DEFINITIONS = (
					"DEBUG=1",
					"$(inherited)",
				);
				GCC_SYMBOLS_PRIVATE_EXTERN = NO;
				GCC_WARN_64_TO_32_BIT_CONVERSION = YES;
				GCC_WARN_ABOUT_RETURN_TYPE = YES_ERROR;
				GCC_WARN_UNDECLARED_SELECTOR = YES;
				GCC_WARN_UNINITIALIZED_AUTOS = YES_AGGRESSIVE;
				GCC_WARN_UNUSED_FUNCTION = YES;
				GCC_WARN_UNUSED_VARIABLE = YES;
				IPHONEOS_DEPLOYMENT_TARGET = 8.0;
				MTL_ENABLE_DEBUG_INFO = YES;
				ONLY_ACTIVE_ARCH = YES;
				SDKROOT = iphoneos;
				TARGETED_DEVICE_FAMILY = "1,2";
			};
			name = Debug;
		};
		AEBF21871A1C73E200961E99 /* Release */ = {
			isa = XCBuildConfiguration;
			buildSettings = {
				ALWAYS_SEARCH_USER_PATHS = NO;
				CLANG_CXX_LANGUAGE_STANDARD = "gnu++0x";
				CLANG_CXX_LIBRARY = "libc++";
				CLANG_ENABLE_MODULES = YES;
				CLANG_ENABLE_OBJC_ARC = YES;
				CLANG_WARN_BOOL_CONVERSION = YES;
				CLANG_WARN_CONSTANT_CONVERSION = YES;
				CLANG_WARN_DIRECT_OBJC_ISA_USAGE = YES_ERROR;
				CLANG_WARN_EMPTY_BODY = YES;
				CLANG_WARN_ENUM_CONVERSION = YES;
				CLANG_WARN_INT_CONVERSION = YES;
				CLANG_WARN_OBJC_ROOT_CLASS = YES_ERROR;
				CLANG_WARN_UNREACHABLE_CODE = YES;
				CLANG_WARN__DUPLICATE_METHOD_MATCH = YES;
				"CODE_SIGN_IDENTITY[sdk=iphoneos*]" = "iPhone Developer";
				COPY_PHASE_STRIP = YES;
				ENABLE_NS_ASSERTIONS = NO;
				ENABLE_STRICT_OBJC_MSGSEND = YES;
				GCC_C_LANGUAGE_STANDARD = gnu99;
				GCC_WARN_64_TO_32_BIT_CONVERSION = YES;
				GCC_WARN_ABOUT_RETURN_TYPE = YES_ERROR;
				GCC_WARN_UNDECLARED_SELECTOR = YES;
				GCC_WARN_UNINITIALIZED_AUTOS = YES_AGGRESSIVE;
				GCC_WARN_UNUSED_FUNCTION = YES;
				GCC_WARN_UNUSED_VARIABLE = YES;
				IPHONEOS_DEPLOYMENT_TARGET = 8.0;
				MTL_ENABLE_DEBUG_INFO = NO;
				SDKROOT = iphoneos;
				TARGETED_DEVICE_FAMILY = "1,2";
				VALIDATE_PRODUCT = YES;
			};
			name = Release;
		};
		AEBF21891A1C73E200961E99 /* Debug */ = {
			isa = XCBuildConfiguration;
			buildSettings = {
				ASSETCATALOG_COMPILER_APPICON_NAME = AppIcon;
				ASSETCATALOG_COMPILER_LAUNCHIMAGE_NAME = LaunchImage;
				INFOPLIST_FILE = TryGithub/Info.plist;
				LD_RUNPATH_SEARCH_PATHS = "$(inherited) @executable_path/Frameworks";
				PRODUCT_NAME = "$(TARGET_NAME)";
			};
			name = Debug;
		};
		AEBF218A1A1C73E200961E99 /* Release */ = {
			isa = XCBuildConfiguration;
			buildSettings = {
				ASSETCATALOG_COMPILER_APPICON_NAME = AppIcon;
				ASSETCATALOG_COMPILER_LAUNCHIMAGE_NAME = LaunchImage;
				INFOPLIST_FILE = TryGithub/Info.plist;
				LD_RUNPATH_SEARCH_PATHS = "$(inherited) @executable_path/Frameworks";
				PRODUCT_NAME = "$(TARGET_NAME)";
			};
			name = Release;
		};
		AEBF218C1A1C73E200961E99 /* Debug */ = {
			isa = XCBuildConfiguration;
			buildSettings = {
				BUNDLE_LOADER = "$(TEST_HOST)";
				FRAMEWORK_SEARCH_PATHS = (
					"$(SDKROOT)/Developer/Library/Frameworks",
					"$(inherited)",
				);
				GCC_PREPROCESSOR_DEFINITIONS = (
					"DEBUG=1",
					"$(inherited)",
				);
				INFOPLIST_FILE = TryGithubTests/Info.plist;
				LD_RUNPATH_SEARCH_PATHS = "$(inherited) @executable_path/Frameworks @loader_path/Frameworks";
				PRODUCT_NAME = "$(TARGET_NAME)";
				TEST_HOST = "$(BUILT_PRODUCTS_DIR)/TryGithub.app/TryGithub";
			};
			name = Debug;
		};
		AEBF218D1A1C73E200961E99 /* Release */ = {
			isa = XCBuildConfiguration;
			buildSettings = {
				BUNDLE_LOADER = "$(TEST_HOST)";
				FRAMEWORK_SEARCH_PATHS = (
					"$(SDKROOT)/Developer/Library/Frameworks",
					"$(inherited)",
				);
				INFOPLIST_FILE = TryGithubTests/Info.plist;
				LD_RUNPATH_SEARCH_PATHS = "$(inherited) @executable_path/Frameworks @loader_path/Frameworks";
				PRODUCT_NAME = "$(TARGET_NAME)";
				TEST_HOST = "$(BUILT_PRODUCTS_DIR)/TryGithub.app/TryGithub";
			};
			name = Release;
		};
/* End XCBuildConfiguration section */

/* Begin XCConfigurationList section */
		AEBF21631A1C73E200961E99 /* Build configuration list for PBXProject "TryGithub" */ = {
			isa = XCConfigurationList;
			buildConfigurations = (
				AEBF21861A1C73E200961E99 /* Debug */,
				AEBF21871A1C73E200961E99 /* Release */,
			);
			defaultConfigurationIsVisible = 0;
			defaultConfigurationName = Release;
		};
		AEBF21881A1C73E200961E99 /* Build configuration list for PBXNativeTarget "TryGithub" */ = {
			isa = XCConfigurationList;
			buildConfigurations = (
				AEBF21891A1C73E200961E99 /* Debug */,
				AEBF218A1A1C73E200961E99 /* Release */,
			);
			defaultConfigurationIsVisible = 0;
		};
		AEBF218B1A1C73E200961E99 /* Build configuration list for PBXNativeTarget "TryGithubTests" */ = {
			isa = XCConfigurationList;
			buildConfigurations = (
				AEBF218C1A1C73E200961E99 /* Debug */,
				AEBF218D1A1C73E200961E99 /* Release */,
			);
			defaultConfigurationIsVisible = 0;
		};
/* End XCConfigurationList section */
	};
	rootObject = AEBF21601A1C73E200961E99 /* Project object */;
}
